
Microsoft Visual Studio Solution File, Format Version 12.00
# Visual Studio Version 16
VisualStudioVersion = 16.0.31129.286
MinimumVisualStudioVersion = 10.0.40219.1
Project("{FAE04EC0-301F-11D3-BF4B-00C04F79EFBC}") = "AsyncAwaitCoreDemo", "AsyncAwaitCoreTest\AsyncAwaitCoreDemo.csproj", "{BFE31569-08D7-4D18-A7E9-5B7B770E3201}"
EndProject
Global
	GlobalSection(SolutionConfigurationPlatforms) = preSolution
		Debug|Any CPU = Debug|Any CPU
		Release|Any CPU = Release|Any CPU
	EndGlobalSection
	GlobalSection(ProjectConfigurationPlatforms) = postSolution
		{BFE31569-08D7-4D18-A7E9-5B7B770E3201}.Debug|Any CPU.ActiveCfg = Debug|Any CPU
		{BFE31569-08D7-4D18-A7E9-5B7B770E3201}.Debug|Any CPU.Build.0 = Debug|Any CPU
		{BFE31569-08D7-4D18-A7E9-5B7B770E3201}.Release|Any CPU.ActiveCfg = Release|Any CPU
		{BFE31569-08D7-4D18-A7E9-5B7B770E3201}.Release|Any CPU.Build.0 = Release|Any CPU
	EndGlobalSection
	GlobalSection(SolutionProperties) = preSolution
		HideSolutionNode = FALSE
	EndGlobalSection
	GlobalSection(ExtensibilityGlobals) = postSolution
		SolutionGuid = {D1F4F2B7-8A46-410D-94D1-9F3A417EC705}
	EndGlobalSection
EndGlobal
